{
  "version": 2,
  "dependencies": {
    "net10.0": {
      "Microsoft.AspNetCore.HeaderPropagation": {
        "type": "Direct",
        "requested": "[10.0.6, )",
        "resolved": "10.0.6",
        "contentHash": "BU3rrTtqL3kP6kScQOUt9v3MsFGgU6M3Nvii8bIYylIweTqEwXAccqitRcCfRWI7axIhfT47RJ7LQlM3XrEaqA=="
      },
      "Refit": {
        "type": "Direct",
        "requested": "[10.1.6, )",
        "resolved": "10.1.6",
        "contentHash": "j82mHFcXJpiJiaLqQgiikmLAu+oYKcIM8ZafipX2s2b2soOS0OGN+Oc+BXkhsG8x6j2M1J23Eac3068yOKLPFA=="
      },
      "Refit.HttpClientFactory": {
        "type": "Direct",
        "requested": "[10.1.6, )",
        "resolved": "10.1.6",
        "contentHash": "brVgMXHX2pp6pMji7tJijygbMwxccIy2vSsPurPmOZ7jSChBjYpiT9bBbJkBDc0hhnNyzvLkkbx0uiHhJuTTEQ==",
        "dependencies": {
          "Refit": "10.1.6"
        }
      },
      "Aspire.StackExchange.Redis": {
        "type": "Transitive",
        "resolved": "13.2.2",
        "contentHash": "xx88SWRALt+j+jD1T0vzDvBslilrorOEBRZBb6fIE5vl7p7PQ8+1un5vMs/2un7dXjRd/RDnYBUxPQkaGVQy4w==",
        "dependencies": {
          "AspNetCore.HealthChecks.Redis": "9.0.0",
          "Microsoft.Extensions.DependencyInjection.AutoActivation": "10.2.0",
          "OpenTelemetry.Extensions.Hosting": "1.15.0",
          "StackExchange.Redis": "2.11.0",
          "System.IO.Hashing": "10.0.3"
        }
      },
      "AspNetCore.HealthChecks.Redis": {
        "type": "Transitive",
        "resolved": "9.0.0",
        "contentHash": "yNH0h8GLRbAf+PU5HNVLZ5hNeyq9mDVmRKO9xuZsme/znUYoBJlQvI0gq45gaZNlLncCHkMhR4o90MuT+gxxPw==",
        "dependencies": {
          "StackExchange.Redis": "2.7.4"
        }
      },
      "DistributedLock.Core": {
        "type": "Transitive",
        "resolved": "1.0.8",
        "contentHash": "LAOsY8WxX8JU/n3lfXFz+f2pfnv0+4bHkCrOO3bwa28u9HrS3DlxSG6jf+u76SqesKs+KehZi0CndkfaUXBKvg=="
      },
      "DistributedLock.Redis": {
        "type": "Transitive",
        "resolved": "1.1.1",
        "contentHash": "6HZkVS+ozUJqqv6bmDRfT2ie6h+X721NlPmKZ3Mq6+oFhSiaTgGCFY5Kw9j34Je+rzFE5sO3BRxtr8bccS5Vzg==",
        "dependencies": {
          "DistributedLock.Core": "[1.0.8, 1.1.0)",
          "StackExchange.Redis": "2.7.33"
        }
      },
      "Microsoft.Bcl.AsyncInterfaces": {
        "type": "Transitive",
        "resolved": "10.0.1",
        "contentHash": "E1HSLkPHXEO30JEij2pWbOuzz1Z5ND4a5l7IP1T2RgQuE0a0NzEIvtO64RNy3Otn6PFezbT80cfm3M/Cgt70PA=="
      },
      "Microsoft.Extensions.Caching.StackExchangeRedis": {
        "type": "Transitive",
        "resolved": "10.0.5",
        "contentHash": "zXb143/TpEKOLQuWGw2CkJgb9F4XXh2XbevMvppzsIHr1/pjML0zjc+vzXcpCV8YUwpW5NIaScZhzFSm621B3Q==",
        "dependencies": {
          "StackExchange.Redis": "2.7.27"
        }
      },
      "Microsoft.Extensions.DependencyInjection.AutoActivation": {
        "type": "Transitive",
        "resolved": "10.2.0",
        "contentHash": "Z/OI261l7LnxyODKPx0trQyIHFyicCR/akfn64lGOjPcf4FpAZ7ePAGl2HPvQBUBSNfPTF0gWeCfuFmyftMgYA=="
      },
      "Microsoft.OpenApi": {
        "type": "Transitive",
        "resolved": "2.4.1",
        "contentHash": "u7QhXCISMQuab3flasb1hoaiERmUqyWsW7tmQODyILoQ7mJV5IRGM+2KKZYo0QUfC13evEOcHAb6TPWgqEQtrw=="
      },
      "OpenTelemetry": {
        "type": "Transitive",
        "resolved": "1.15.2",
        "contentHash": "XwXZR69HnMBwwzvVg6ONRoPl5jeSFJkqOftHLcbSvl9DG6vY1j0OJut3cHu9Vmc5r2zgEDIQclAqpDtbhPNQZA==",
        "dependencies": {
          "OpenTelemetry.Api.ProviderBuilderExtensions": "1.15.2"
        }
      },
      "OpenTelemetry.Api": {
        "type": "Transitive",
        "resolved": "1.15.2",
        "contentHash": "7zeBVUVhVyVjzOUvEj8o+NkpEOKq77zjxH8akZBlN9LjuaSPUW/yV4EJrs393wxSLWC4eun1qwTN9NY21k5ixQ=="
      },
      "OpenTelemetry.Api.ProviderBuilderExtensions": {
        "type": "Transitive",
        "resolved": "1.15.2",
        "contentHash": "+UIz3GpBUrapW5IRnvPGdvVhhvW686lbIcNo/7ENOjB++djsdEsFxILTFYJ673cU0l8Da/OtV+IcE49OKJUM5w==",
        "dependencies": {
          "OpenTelemetry.Api": "1.15.2"
        }
      },
      "Pipelines.Sockets.Unofficial": {
        "type": "Transitive",
        "resolved": "2.2.8",
        "contentHash": "zG2FApP5zxSx6OcdJQLbZDk2AVlN2BNQD6MorwIfV6gVj0RRxWPEp2LXAxqDGZqeNV1Zp0BNPcNaey/GXmTdvQ=="
      },
      "StackExchange.Redis": {
        "type": "Transitive",
        "resolved": "2.11.0",
        "contentHash": "tCYDmkaCpEc48MZHh/FgQKavX/kqjpBAIyEFxeO9LTuHRV0flJndXcKpfbgUKahKuk/OI6TEXM6NwKu0gi6xjQ==",
        "dependencies": {
          "Pipelines.Sockets.Unofficial": "2.2.8",
          "System.IO.Hashing": "10.0.2"
        }
      },
      "Swashbuckle.AspNetCore.Swagger": {
        "type": "Transitive",
        "resolved": "10.1.7",
        "contentHash": "EjLibt/d/QuRv170GoihTbcPUpgzSFm2WKHhnGJFZQ03JYzfuitsM79azaAR8NBwRunU7yScSX6HRE5JUlrEMQ==",
        "dependencies": {
          "Microsoft.OpenApi": "2.4.1"
        }
      },
      "System.IO.Hashing": {
        "type": "Transitive",
        "resolved": "10.0.3",
        "contentHash": "La6ICwsdTKhVX+LKN+pvFjQRR3LhLwq3uKdi2knjLzRyPYBSydF4cjXidYxIiTcDD6XVYdsBWQEI8ZxiZ/OdIg=="
      },
      "umbracoheadlessbff.sharedmodules.common": {
        "type": "Project",
        "dependencies": {
          "Aspire.StackExchange.Redis.DistributedCaching": "[13.2.2, )",
          "HtmlAgilityPack": "[1.12.4, )",
          "Microsoft.AspNetCore.HeaderPropagation": "[10.0.6, )",
          "OpenTelemetry.Extensions.Hosting": "[1.15.2, )",
          "Refit": "[10.1.6, )",
          "Refit.HttpClientFactory": "[10.1.6, )",
          "Swashbuckle.AspNetCore.SwaggerGen": "[10.1.7, )",
          "ZiggyCreatures.FusionCache": "[2.6.0, )",
          "ZiggyCreatures.FusionCache.Backplane.StackExchangeRedis": "[2.6.0, )",
          "ZiggyCreatures.FusionCache.Locking.Distributed.Redis": "[2.6.0, )",
          "ZiggyCreatures.FusionCache.OpenTelemetry": "[2.6.0, )",
          "ZiggyCreatures.FusionCache.Serialization.SystemTextJson": "[2.6.0, )"
        }
      },
      "Aspire.StackExchange.Redis.DistributedCaching": {
        "type": "CentralTransitive",
        "requested": "[13.2.2, )",
        "resolved": "13.2.2",
        "contentHash": "OynM7WTlCepO089i64LaVDidhlk4EH8E+dgWKFNE78ZWCgCwYhhG07JypH/ks3Qu0d+/SDTb0sNF2Sseb7LqHQ==",
        "dependencies": {
          "AspNetCore.HealthChecks.Redis": "9.0.0",
          "Aspire.StackExchange.Redis": "13.2.2",
          "Microsoft.Extensions.Caching.StackExchangeRedis": "10.0.5",
          "Microsoft.Extensions.DependencyInjection.AutoActivation": "10.2.0",
          "OpenTelemetry.Extensions.Hosting": "1.15.0",
          "StackExchange.Redis": "2.11.0",
          "System.IO.Hashing": "10.0.3"
        }
      },
      "HtmlAgilityPack": {
        "type": "CentralTransitive",
        "requested": "[1.12.4, )",
        "resolved": "1.12.4",
        "contentHash": "ljqvBabvFwKoLniuoQKO8b5bJfJweKLs4fUNS/V5dsvpo0A8MlJqxxn9XVmP2DaskbUXty6IYaWAi1SArGIMeQ=="
      },
      "OpenTelemetry.Extensions.Hosting": {
        "type": "CentralTransitive",
        "requested": "[1.15.2, )",
        "resolved": "1.15.2",
        "contentHash": "T2nEP/lABOab8w8espx5biYGghw8errNlhhMLYmoXEhGT6EGB4CNhZInJPC+tOvlGUGFe54NM3TdSATxebwJ8g==",
        "dependencies": {
          "OpenTelemetry": "1.15.2"
        }
      },
      "Swashbuckle.AspNetCore.SwaggerGen": {
        "type": "CentralTransitive",
        "requested": "[10.1.7, )",
        "resolved": "10.1.7",
        "contentHash": "PuubO9BjvNn6U3D9kLpuWKY1JtziWw7SsGBq0age1E50uQjQ8Fzl8s0EwzrLfANqYJNgDnJi9l7N1QxcGVB2Zw==",
        "dependencies": {
          "Swashbuckle.AspNetCore.Swagger": "10.1.7"
        }
      },
      "ZiggyCreatures.FusionCache": {
        "type": "CentralTransitive",
        "requested": "[2.6.0, )",
        "resolved": "2.6.0",
        "contentHash": "BCe+/SkwQZfaMpq2ZGDZB2pyx6BdGnP+zxqjMM/5K+4PBuH6hljZeIqH4KVzQ26khSbPsQ7IiYZl0Fve4OZOog=="
      },
      "ZiggyCreatures.FusionCache.Backplane.StackExchangeRedis": {
        "type": "CentralTransitive",
        "requested": "[2.6.0, )",
        "resolved": "2.6.0",
        "contentHash": "GHzTt4OVBzVcajgFUJ8oHLmBZJPF+pi044LKG5rTS44ECcSxfzzvSnVZoTPrECbPl3tG96TyiLM+P4uIvzZWPQ==",
        "dependencies": {
          "StackExchange.Redis": "2.10.1",
          "ZiggyCreatures.FusionCache": "2.6.0"
        }
      },
      "ZiggyCreatures.FusionCache.Locking.Distributed.Redis": {
        "type": "CentralTransitive",
        "requested": "[2.6.0, )",
        "resolved": "2.6.0",
        "contentHash": "Rt8pJxY2SVNqxzdmgx/8CzDk7GeTmjyq/diA/ISrI7uUArfRJv6QxD496jszAF6G1O34y3Ut/AE2vrHqisIJmw==",
        "dependencies": {
          "DistributedLock.Redis": "1.1.1",
          "Microsoft.Bcl.AsyncInterfaces": "10.0.1",
          "ZiggyCreatures.FusionCache": "2.6.0"
        }
      },
      "ZiggyCreatures.FusionCache.OpenTelemetry": {
        "type": "CentralTransitive",
        "requested": "[2.6.0, )",
        "resolved": "2.6.0",
        "contentHash": "q917DogvL6Y9GamCLz6n/diC56sWUI3rvIuoZsqW7fyw7toWjcVDtSs/5mN8Weafbaj86RQSV5Q5Ysrm1ueJKQ==",
        "dependencies": {
          "OpenTelemetry.Api": "1.14.0",
          "ZiggyCreatures.FusionCache": "2.6.0"
        }
      },
      "ZiggyCreatures.FusionCache.Serialization.SystemTextJson": {
        "type": "CentralTransitive",
        "requested": "[2.6.0, )",
        "resolved": "2.6.0",
        "contentHash": "A00mNC7xrkC8LUAQMkeB3OtVTfGzyTyHxTgAOwfqaFdazO/54d3fT8LFoekpgSslkvDjKAIPlyafqsFBPLgQIw==",
        "dependencies": {
          "ZiggyCreatures.FusionCache": "2.6.0"
        }
      }
    }
  }
}